
Microsoft Visual Studio Solution File, Format Version 12.00
# Visual Studio Version 16
VisualStudioVersion = 16.0.30717.126
MinimumVisualStudioVersion = 10.0.40219.1
Project("{9A19103F-16F7-4668-BE54-9A1E7A4F7556}") = "CheckoutApp", "CheckoutApp\CheckoutApp.csproj", "{63849093-8EF3-4A22-8E7E-54456FBFDDD8}"
EndProject
Project("{9A19103F-16F7-4668-BE54-9A1E7A4F7556}") = "DAL", "DAL\DAL.csproj", "{7EB45323-75DD-4067-B711-903B2682F0B8}"
EndProject
Project("{9A19103F-16F7-4668-BE54-9A1E7A4F7556}") = "BL", "BL\BL.csproj", "{D4274150-90BA-4FD9-B1E8-88767BB62259}"
EndProject
Global
	GlobalSection(SolutionConfigurationPlatforms) = preSolution
		Debug|Any CPU = Debug|Any CPU
		Release|Any CPU = Release|Any CPU
	EndGlobalSection
	GlobalSection(ProjectConfigurationPlatforms) = postSolution
		{63849093-8EF3-4A22-8E7E-54456FBFDDD8}.Debug|Any CPU.ActiveCfg = Debug|Any CPU
		{63849093-8EF3-4A22-8E7E-54456FBFDDD8}.Debug|Any CPU.Build.0 = Debug|Any CPU
		{63849093-8EF3-4A22-8E7E-54456FBFDDD8}.Release|Any CPU.ActiveCfg = Release|Any CPU
		{63849093-8EF3-4A22-8E7E-54456FBFDDD8}.Release|Any CPU.Build.0 = Release|Any CPU
		{7EB45323-75DD-4067-B711-903B2682F0B8}.Debug|Any CPU.ActiveCfg = Debug|Any CPU
		{7EB45323-75DD-4067-B711-903B2682F0B8}.Debug|Any CPU.Build.0 = Debug|Any CPU
		{7EB45323-75DD-4067-B711-903B2682F0B8}.Release|Any CPU.ActiveCfg = Release|Any CPU
		{7EB45323-75DD-4067-B711-903B2682F0B8}.Release|Any CPU.Build.0 = Release|Any CPU
		{D4274150-90BA-4FD9-B1E8-88767BB62259}.Debug|Any CPU.ActiveCfg = Debug|Any CPU
		{D4274150-90BA-4FD9-B1E8-88767BB62259}.Debug|Any CPU.Build.0 = Debug|Any CPU
		{D4274150-90BA-4FD9-B1E8-88767BB62259}.Release|Any CPU.ActiveCfg = Release|Any CPU
		{D4274150-90BA-4FD9-B1E8-88767BB62259}.Release|Any CPU.Build.0 = Release|Any CPU
	EndGlobalSection
	GlobalSection(SolutionProperties) = preSolution
		HideSolutionNode = FALSE
	EndGlobalSection
	GlobalSection(ExtensibilityGlobals) = postSolution
		SolutionGuid = {B1752754-985A-4339-832C-DEBB140FB1A1}
	EndGlobalSection
EndGlobal
